
Microsoft Visual Studio Solution File, Format Version 12.00
# Visual Studio 14
VisualStudioVersion = 14.0.23107.0
MinimumVisualStudioVersion = 10.0.40219.1
Project("{FAE04EC0-301F-11D3-BF4B-00C04F79EFBC}") = "Integra.Vision.Engine", "Integra.Vision.Engine\Integra.Vision.Engine.csproj", "{EC23967E-E969-42A5-92C0-7E5178528C0F}"
EndProject
Project("{FAE04EC0-301F-11D3-BF4B-00C04F79EFBC}") = "Integra.Vision.EngineUnitTests", "Integra.Vision.EngineUnitTests\Integra.Vision.EngineUnitTests.csproj", "{1F6D4271-DE01-47E0-A2F5-138DB1C47A12}"
EndProject
Project("{FAE04EC0-301F-11D3-BF4B-00C04F79EFBC}") = "Integra.Vision.Engine.Host", "Integra.Vision.Engine.Host\Integra.Vision.Engine.Host.csproj", "{A71ACBD3-2997-43F9-8001-B7C27204ECE4}"
EndProject
Project("{2150E333-8FDC-42A3-9474-1A3956D46DE8}") = "Engine", "Engine", "{0533C7DA-57FF-4B86-9C68-0EE8A37C053D}"
EndProject
Project("{2150E333-8FDC-42A3-9474-1A3956D46DE8}") = "Database", "Database", "{0DDD4897-3A62-4B78-9F33-6E51B573D10C}"
EndProject
Project("{2150E333-8FDC-42A3-9474-1A3956D46DE8}") = "Language", "Language", "{7D6B53D8-0F12-41C6-BE2A-BDC5655BA436}"
EndProject
Project("{FAE04EC0-301F-11D3-BF4B-00C04F79EFBC}") = "Integra.Vision.Language", "Integra.Vision.Language\Integra.Vision.Language.csproj", "{6D4D259B-281F-454F-9B47-4CE2D108BA6A}"
EndProject
Project("{FAE04EC0-301F-11D3-BF4B-00C04F79EFBC}") = "Integra.Vision.LanguageUnitTests", "Integra.Vision.LanguageUnitTests\Integra.Vision.LanguageUnitTests.csproj", "{7CDFC888-9463-4B38-92A3-BB88359AED6B}"
EndProject
Project("{FAE04EC0-301F-11D3-BF4B-00C04F79EFBC}") = "Integra.Vision.Engine.Database", "Integra.Vision.Engine.Database\Integra.Vision.Engine.Database.csproj", "{CED91B7C-FDD0-4886-8BCC-495733C3C286}"
EndProject
Project("{F088123C-0E9E-452A-89E6-6BA2F21D5CAC}") = "Integra.Vision.Engine.DatabaseModeling", "Integra.Vision.Engine.DatabaseModeling\Integra.Vision.Engine.DatabaseModeling.modelproj", "{3685A7A7-99D7-4287-B3B2-26FEB8B95625}"
EndProject
Project("{FAE04EC0-301F-11D3-BF4B-00C04F79EFBC}") = "Integra.Vision.Engine.DatabaseUnitTests", "Integra.Vision.Engine.DatabaseUnitTests\Integra.Vision.Engine.DatabaseUnitTests.csproj", "{4850EAB3-B047-464F-B490-C7EE986B8673}"
EndProject
Project("{2150E333-8FDC-42A3-9474-1A3956D46DE8}") = ".nuget", ".nuget", "{CF1253B7-1BCB-4396-9EA1-B444A492FC52}"
	ProjectSection(SolutionItems) = preProject
		.nuget\NuGet.Config = .nuget\NuGet.Config
		.nuget\NuGet.exe = .nuget\NuGet.exe
		.nuget\NuGet.targets = .nuget\NuGet.targets
		.nuget\packages.config = .nuget\packages.config
	EndProjectSection
EndProject
Project("{2150E333-8FDC-42A3-9474-1A3956D46DE8}") = "Common", "Common", "{5F9164B3-2246-4136-9E56-67213982D10E}"
EndProject
Project("{FAE04EC0-301F-11D3-BF4B-00C04F79EFBC}") = "Integra.Vision.Common", "Integra.Vision.Common\Integra.Vision.Common.csproj", "{9D078A51-8CE3-4A74-9F9E-53CB882BEFAF}"
EndProject
Project("{FAE04EC0-301F-11D3-BF4B-00C04F79EFBC}") = "Integra.Vision.Diagnostics", "Integra.Vision.Diagnostics\Integra.Vision.Diagnostics.csproj", "{FC4545B2-690C-40C9-B111-8E4EF4724BE7}"
EndProject
Project("{FAE04EC0-301F-11D3-BF4B-00C04F79EFBC}") = "Integra.Vision.DRL", "Integra.Vision.DRL\Integra.Vision.DRL.csproj", "{4FB82C24-396E-407E-9A57-EFC60DDA48CE}"
EndProject
Project("{FAE04EC0-301F-11D3-BF4B-00C04F79EFBC}") = "Integra.Vision.Event", "Integra.Vision.EventObject\Integra.Vision.Event.csproj", "{38ABF8B4-FC77-4FFC-96A2-1EE03BD22056}"
EndProject
Project("{FAE04EC0-301F-11D3-BF4B-00C04F79EFBC}") = "Integra.Space.LanguageUnitTests", "Integra.Space.LanguageUnitTests\Integra.Space.LanguageUnitTests.csproj", "{50D251F6-E471-4477-B6B9-D7811A705E26}"
EndProject
Global
	GlobalSection(SolutionConfigurationPlatforms) = preSolution
		Debug|Any CPU = Debug|Any CPU
		Release|Any CPU = Release|Any CPU
	EndGlobalSection
	GlobalSection(ProjectConfigurationPlatforms) = postSolution
		{EC23967E-E969-42A5-92C0-7E5178528C0F}.Debug|Any CPU.ActiveCfg = Debug|Any CPU
		{EC23967E-E969-42A5-92C0-7E5178528C0F}.Debug|Any CPU.Build.0 = Debug|Any CPU
		{EC23967E-E969-42A5-92C0-7E5178528C0F}.Release|Any CPU.ActiveCfg = Release|Any CPU
		{EC23967E-E969-42A5-92C0-7E5178528C0F}.Release|Any CPU.Build.0 = Release|Any CPU
		{1F6D4271-DE01-47E0-A2F5-138DB1C47A12}.Debug|Any CPU.ActiveCfg = Debug|Any CPU
		{1F6D4271-DE01-47E0-A2F5-138DB1C47A12}.Release|Any CPU.ActiveCfg = Release|Any CPU
		{1F6D4271-DE01-47E0-A2F5-138DB1C47A12}.Release|Any CPU.Build.0 = Release|Any CPU
		{A71ACBD3-2997-43F9-8001-B7C27204ECE4}.Debug|Any CPU.ActiveCfg = Debug|Any CPU
		{A71ACBD3-2997-43F9-8001-B7C27204ECE4}.Debug|Any CPU.Build.0 = Debug|Any CPU
		{A71ACBD3-2997-43F9-8001-B7C27204ECE4}.Release|Any CPU.ActiveCfg = Release|Any CPU
		{A71ACBD3-2997-43F9-8001-B7C27204ECE4}.Release|Any CPU.Build.0 = Release|Any CPU
		{6D4D259B-281F-454F-9B47-4CE2D108BA6A}.Debug|Any CPU.ActiveCfg = Debug|Any CPU
		{6D4D259B-281F-454F-9B47-4CE2D108BA6A}.Debug|Any CPU.Build.0 = Debug|Any CPU
		{6D4D259B-281F-454F-9B47-4CE2D108BA6A}.Release|Any CPU.ActiveCfg = Release|Any CPU
		{6D4D259B-281F-454F-9B47-4CE2D108BA6A}.Release|Any CPU.Build.0 = Release|Any CPU
		{7CDFC888-9463-4B38-92A3-BB88359AED6B}.Debug|Any CPU.ActiveCfg = Debug|Any CPU
		{7CDFC888-9463-4B38-92A3-BB88359AED6B}.Release|Any CPU.ActiveCfg = Release|Any CPU
		{7CDFC888-9463-4B38-92A3-BB88359AED6B}.Release|Any CPU.Build.0 = Release|Any CPU
		{CED91B7C-FDD0-4886-8BCC-495733C3C286}.Debug|Any CPU.ActiveCfg = Debug|Any CPU
		{CED91B7C-FDD0-4886-8BCC-495733C3C286}.Debug|Any CPU.Build.0 = Debug|Any CPU
		{CED91B7C-FDD0-4886-8BCC-495733C3C286}.Release|Any CPU.ActiveCfg = Release|Any CPU
		{CED91B7C-FDD0-4886-8BCC-495733C3C286}.Release|Any CPU.Build.0 = Release|Any CPU
		{3685A7A7-99D7-4287-B3B2-26FEB8B95625}.Debug|Any CPU.ActiveCfg = Debug|Any CPU
		{3685A7A7-99D7-4287-B3B2-26FEB8B95625}.Release|Any CPU.ActiveCfg = Release|Any CPU
		{3685A7A7-99D7-4287-B3B2-26FEB8B95625}.Release|Any CPU.Build.0 = Release|Any CPU
		{4850EAB3-B047-464F-B490-C7EE986B8673}.Debug|Any CPU.ActiveCfg = Debug|Any CPU
		{4850EAB3-B047-464F-B490-C7EE986B8673}.Release|Any CPU.ActiveCfg = Release|Any CPU
		{4850EAB3-B047-464F-B490-C7EE986B8673}.Release|Any CPU.Build.0 = Release|Any CPU
		{9D078A51-8CE3-4A74-9F9E-53CB882BEFAF}.Debug|Any CPU.ActiveCfg = Debug|Any CPU
		{9D078A51-8CE3-4A74-9F9E-53CB882BEFAF}.Debug|Any CPU.Build.0 = Debug|Any CPU
		{9D078A51-8CE3-4A74-9F9E-53CB882BEFAF}.Release|Any CPU.ActiveCfg = Release|Any CPU
		{9D078A51-8CE3-4A74-9F9E-53CB882BEFAF}.Release|Any CPU.Build.0 = Release|Any CPU
		{FC4545B2-690C-40C9-B111-8E4EF4724BE7}.Debug|Any CPU.ActiveCfg = Debug|Any CPU
		{FC4545B2-690C-40C9-B111-8E4EF4724BE7}.Debug|Any CPU.Build.0 = Debug|Any CPU
		{FC4545B2-690C-40C9-B111-8E4EF4724BE7}.Release|Any CPU.ActiveCfg = Release|Any CPU
		{FC4545B2-690C-40C9-B111-8E4EF4724BE7}.Release|Any CPU.Build.0 = Release|Any CPU
		{4FB82C24-396E-407E-9A57-EFC60DDA48CE}.Debug|Any CPU.ActiveCfg = Debug|Any CPU
		{4FB82C24-396E-407E-9A57-EFC60DDA48CE}.Debug|Any CPU.Build.0 = Debug|Any CPU
		{4FB82C24-396E-407E-9A57-EFC60DDA48CE}.Release|Any CPU.ActiveCfg = Release|Any CPU
		{4FB82C24-396E-407E-9A57-EFC60DDA48CE}.Release|Any CPU.Build.0 = Release|Any CPU
		{38ABF8B4-FC77-4FFC-96A2-1EE03BD22056}.Debug|Any CPU.ActiveCfg = Debug|Any CPU
		{38ABF8B4-FC77-4FFC-96A2-1EE03BD22056}.Debug|Any CPU.Build.0 = Debug|Any CPU
		{38ABF8B4-FC77-4FFC-96A2-1EE03BD22056}.Release|Any CPU.ActiveCfg = Release|Any CPU
		{38ABF8B4-FC77-4FFC-96A2-1EE03BD22056}.Release|Any CPU.Build.0 = Release|Any CPU
		{50D251F6-E471-4477-B6B9-D7811A705E26}.Debug|Any CPU.ActiveCfg = Debug|Any CPU
		{50D251F6-E471-4477-B6B9-D7811A705E26}.Debug|Any CPU.Build.0 = Debug|Any CPU
		{50D251F6-E471-4477-B6B9-D7811A705E26}.Release|Any CPU.ActiveCfg = Release|Any CPU
		{50D251F6-E471-4477-B6B9-D7811A705E26}.Release|Any CPU.Build.0 = Release|Any CPU
	EndGlobalSection
	GlobalSection(SolutionProperties) = preSolution
		HideSolutionNode = FALSE
	EndGlobalSection
	GlobalSection(NestedProjects) = preSolution
		{EC23967E-E969-42A5-92C0-7E5178528C0F} = {0533C7DA-57FF-4B86-9C68-0EE8A37C053D}
		{1F6D4271-DE01-47E0-A2F5-138DB1C47A12} = {0533C7DA-57FF-4B86-9C68-0EE8A37C053D}
		{A71ACBD3-2997-43F9-8001-B7C27204ECE4} = {0533C7DA-57FF-4B86-9C68-0EE8A37C053D}
		{6D4D259B-281F-454F-9B47-4CE2D108BA6A} = {7D6B53D8-0F12-41C6-BE2A-BDC5655BA436}
		{7CDFC888-9463-4B38-92A3-BB88359AED6B} = {7D6B53D8-0F12-41C6-BE2A-BDC5655BA436}
		{CED91B7C-FDD0-4886-8BCC-495733C3C286} = {0DDD4897-3A62-4B78-9F33-6E51B573D10C}
		{3685A7A7-99D7-4287-B3B2-26FEB8B95625} = {0DDD4897-3A62-4B78-9F33-6E51B573D10C}
		{4850EAB3-B047-464F-B490-C7EE986B8673} = {0DDD4897-3A62-4B78-9F33-6E51B573D10C}
		{9D078A51-8CE3-4A74-9F9E-53CB882BEFAF} = {5F9164B3-2246-4136-9E56-67213982D10E}
		{FC4545B2-690C-40C9-B111-8E4EF4724BE7} = {5F9164B3-2246-4136-9E56-67213982D10E}
		{4FB82C24-396E-407E-9A57-EFC60DDA48CE} = {5F9164B3-2246-4136-9E56-67213982D10E}
		{38ABF8B4-FC77-4FFC-96A2-1EE03BD22056} = {5F9164B3-2246-4136-9E56-67213982D10E}
		{50D251F6-E471-4477-B6B9-D7811A705E26} = {7D6B53D8-0F12-41C6-BE2A-BDC5655BA436}
	EndGlobalSection
	GlobalSection(TeamFoundationVersionControl) = preSolution
		SccNumberOfProjects = 14
		SccEnterpriseProvider = {4CA58AB2-18FA-4F8D-95D4-32DDF27D184C}
		SccTeamFoundationServer = https://iid.visualstudio.com/defaultcollection
		SccLocalPath0 = .
		SccProjectUniqueName1 = Integra.Vision.Engine\\Integra.Vision.Engine.csproj
		SccProjectTopLevelParentUniqueName1 = Integra.Vision.Engine.sln
		SccProjectName1 = Integra.Vision.Engine
		SccLocalPath1 = Integra.Vision.Engine
		SccProjectUniqueName2 = Integra.Vision.Engine.Host\\Integra.Vision.Engine.Host.csproj
		SccProjectTopLevelParentUniqueName2 = Integra.Vision.Engine.sln
		SccProjectName2 = Integra.Vision.Engine.Host
		SccLocalPath2 = Integra.Vision.Engine.Host
		SccProjectUniqueName3 = Integra.Vision.EngineUnitTests\\Integra.Vision.EngineUnitTests.csproj
		SccProjectTopLevelParentUniqueName3 = Integra.Vision.Engine.sln
		SccProjectName3 = Integra.Vision.EngineUnitTests
		SccLocalPath3 = Integra.Vision.EngineUnitTests
		SccProjectUniqueName4 = Integra.Vision.Language\\Integra.Vision.Language.csproj
		SccProjectTopLevelParentUniqueName4 = Integra.Vision.Engine.sln
		SccProjectName4 = Integra.Vision.Language
		SccLocalPath4 = Integra.Vision.Language
		SccProjectUniqueName5 = Integra.Vision.LanguageUnitTests\\Integra.Vision.LanguageUnitTests.csproj
		SccProjectTopLevelParentUniqueName5 = Integra.Vision.Engine.sln
		SccProjectName5 = Integra.Vision.LanguageUnitTests
		SccLocalPath5 = Integra.Vision.LanguageUnitTests
		SccProjectUniqueName6 = Integra.Vision.Engine.Database\\Integra.Vision.Engine.Database.csproj
		SccProjectTopLevelParentUniqueName6 = Integra.Vision.Engine.sln
		SccProjectName6 = Integra.Vision.Engine.Database
		SccLocalPath6 = Integra.Vision.Engine.Database
		SccProjectUniqueName7 = Integra.Vision.Engine.DatabaseModeling\\Integra.Vision.Engine.DatabaseModeling.modelproj
		SccProjectTopLevelParentUniqueName7 = Integra.Vision.Engine.sln
		SccProjectName7 = Integra.Vision.Engine.DatabaseModeling
		SccLocalPath7 = Integra.Vision.Engine.DatabaseModeling
		SccProjectUniqueName8 = Integra.Vision.Engine.DatabaseUnitTests\\Integra.Vision.Engine.DatabaseUnitTests.csproj
		SccProjectTopLevelParentUniqueName8 = Integra.Vision.Engine.sln
		SccProjectName8 = Integra.Vision.Engine.DatabaseUnitTests
		SccLocalPath8 = Integra.Vision.Engine.DatabaseUnitTests
		SccProjectUniqueName9 = Integra.Vision.Common\\Integra.Vision.Common.csproj
		SccProjectTopLevelParentUniqueName9 = Integra.Vision.Engine.sln
		SccProjectName9 = Integra.Vision.Common
		SccLocalPath9 = Integra.Vision.Common
		SccProjectUniqueName10 = Integra.Vision.Diagnostics\\Integra.Vision.Diagnostics.csproj
		SccProjectTopLevelParentUniqueName10 = Integra.Vision.Engine.sln
		SccProjectName10 = Integra.Vision.Diagnostics
		SccLocalPath10 = Integra.Vision.Diagnostics
		SccProjectUniqueName11 = Integra.Vision.DRL\\Integra.Vision.DRL.csproj
		SccProjectTopLevelParentUniqueName11 = Integra.Vision.Engine.sln
		SccProjectName11 = Integra.Vision.DRL
		SccLocalPath11 = Integra.Vision.DRL
		SccProjectUniqueName12 = Integra.Vision.EventObject\\Integra.Vision.Event.csproj
		SccProjectTopLevelParentUniqueName12 = Integra.Vision.Engine.sln
		SccProjectName12 = Integra.Vision.EventObject
		SccLocalPath12 = Integra.Vision.EventObject
		SccProjectUniqueName13 = Integra.Space.LanguageUnitTests\\Integra.Space.LanguageUnitTests.csproj
		SccProjectTopLevelParentUniqueName13 = Integra.Vision.Engine.sln
		SccProjectName13 = Integra.Space.LanguageUnitTests
		SccLocalPath13 = Integra.Space.LanguageUnitTests
	EndGlobalSection
EndGlobal
